
Microsoft Visual Studio Solution File, Format Version 12.00
# Visual Studio Version 16
VisualStudioVersion = 16.0.30907.101
MinimumVisualStudioVersion = 10.0.40219.1
Project("{FAE04EC0-301F-11D3-BF4B-00C04F79EFBC}") = "GUIs", "ManageDisk_XDPM\GUIs.csproj", "{DB0220EF-CB16-48AC-91BB-222B091D0CBA}"
EndProject
Project("{FAE04EC0-301F-11D3-BF4B-00C04F79EFBC}") = "Presenters", "Presenters\Presenters.csproj", "{1DE8E018-C8FB-416B-989F-DE8D1DCAB9DE}"
EndProject
Project("{FAE04EC0-301F-11D3-BF4B-00C04F79EFBC}") = "Models", "Models\Models.csproj", "{E6A5E492-5B18-440A-8CB9-31075E9BDC41}"
EndProject
Project("{FAE04EC0-301F-11D3-BF4B-00C04F79EFBC}") = "IViews", "IViews_Presenters\IViews.csproj", "{1D2A7246-831C-4E2A-959C-58AD3BD83D9A}"
EndProject
Project("{FAE04EC0-301F-11D3-BF4B-00C04F79EFBC}") = "DTOs", "DTO\DTOs.csproj", "{B27225E4-A708-48F3-92AC-1A35EB6B6700}"
EndProject
Global
	GlobalSection(SolutionConfigurationPlatforms) = preSolution
		Debug|Any CPU = Debug|Any CPU
		Release|Any CPU = Release|Any CPU
	EndGlobalSection
	GlobalSection(ProjectConfigurationPlatforms) = postSolution
		{DB0220EF-CB16-48AC-91BB-222B091D0CBA}.Debug|Any CPU.ActiveCfg = Debug|Any CPU
		{DB0220EF-CB16-48AC-91BB-222B091D0CBA}.Debug|Any CPU.Build.0 = Debug|Any CPU
		{DB0220EF-CB16-48AC-91BB-222B091D0CBA}.Release|Any CPU.ActiveCfg = Release|Any CPU
		{DB0220EF-CB16-48AC-91BB-222B091D0CBA}.Release|Any CPU.Build.0 = Release|Any CPU
		{1DE8E018-C8FB-416B-989F-DE8D1DCAB9DE}.Debug|Any CPU.ActiveCfg = Debug|Any CPU
		{1DE8E018-C8FB-416B-989F-DE8D1DCAB9DE}.Debug|Any CPU.Build.0 = Debug|Any CPU
		{1DE8E018-C8FB-416B-989F-DE8D1DCAB9DE}.Release|Any CPU.ActiveCfg = Release|Any CPU
		{1DE8E018-C8FB-416B-989F-DE8D1DCAB9DE}.Release|Any CPU.Build.0 = Release|Any CPU
		{E6A5E492-5B18-440A-8CB9-31075E9BDC41}.Debug|Any CPU.ActiveCfg = Debug|Any CPU
		{E6A5E492-5B18-440A-8CB9-31075E9BDC41}.Debug|Any CPU.Build.0 = Debug|Any CPU
		{E6A5E492-5B18-440A-8CB9-31075E9BDC41}.Release|Any CPU.ActiveCfg = Release|Any CPU
		{E6A5E492-5B18-440A-8CB9-31075E9BDC41}.Release|Any CPU.Build.0 = Release|Any CPU
		{1D2A7246-831C-4E2A-959C-58AD3BD83D9A}.Debug|Any CPU.ActiveCfg = Debug|Any CPU
		{1D2A7246-831C-4E2A-959C-58AD3BD83D9A}.Debug|Any CPU.Build.0 = Debug|Any CPU
		{1D2A7246-831C-4E2A-959C-58AD3BD83D9A}.Release|Any CPU.ActiveCfg = Release|Any CPU
		{1D2A7246-831C-4E2A-959C-58AD3BD83D9A}.Release|Any CPU.Build.0 = Release|Any CPU
		{B27225E4-A708-48F3-92AC-1A35EB6B6700}.Debug|Any CPU.ActiveCfg = Debug|Any CPU
		{B27225E4-A708-48F3-92AC-1A35EB6B6700}.Debug|Any CPU.Build.0 = Debug|Any CPU
		{B27225E4-A708-48F3-92AC-1A35EB6B6700}.Release|Any CPU.ActiveCfg = Release|Any CPU
		{B27225E4-A708-48F3-92AC-1A35EB6B6700}.Release|Any CPU.Build.0 = Release|Any CPU
	EndGlobalSection
	GlobalSection(SolutionProperties) = preSolution
		HideSolutionNode = FALSE
	EndGlobalSection
	GlobalSection(ExtensibilityGlobals) = postSolution
		SolutionGuid = {4F656485-122B-4890-893A-DECB1A03BD53}
	EndGlobalSection
EndGlobal
